// !$*UTF8*$!
{
	archiveVersion = 1;
	classes = {
	};
	objectVersion = 46;
	objects = {

/* Begin PBXBuildFile section */
		0F901FFC1F31CC0200853210 /* UIImageView+Extension.swift in Sources */ = {isa = PBXBuildFile; fileRef = 0F901FFB1F31CC0200853210 /* UIImageView+Extension.swift */; };
		0FF9645C1F2EBD2300345550 /* AppDelegate.swift in Sources */ = {isa = PBXBuildFile; fileRef = 0FF9645B1F2EBD2300345550 /* AppDelegate.swift */; };
		0FF9645E1F2EBD2300345550 /* ViewController.swift in Sources */ = {isa = PBXBuildFile; fileRef = 0FF9645D1F2EBD2300345550 /* ViewController.swift */; };
		0FF964611F2EBD2300345550 /* Main.storyboard in Resources */ = {isa = PBXBuildFile; fileRef = 0FF9645F1F2EBD2300345550 /* Main.storyboard */; };
		0FF964631F2EBD2300345550 /* Assets.xcassets in Resources */ = {isa = PBXBuildFile; fileRef = 0FF964621F2EBD2300345550 /* Assets.xcassets */; };
		0FF964661F2EBD2300345550 /* LaunchScreen.storyboard in Resources */ = {isa = PBXBuildFile; fileRef = 0FF964641F2EBD2300345550 /* LaunchScreen.storyboard */; };
		0FF9646E1F2EBDA800345550 /* CornerTableViewController.swift in Sources */ = {isa = PBXBuildFile; fileRef = 0FF9646D1F2EBDA800345550 /* CornerTableViewController.swift */; };
		0FF964701F2EBE3700345550 /* CornerImageTableViewCell.swift in Sources */ = {isa = PBXBuildFile; fileRef = 0FF9646F1F2EBE3700345550 /* CornerImageTableViewCell.swift */; };
		0FF964721F2EC99800345550 /* CornerViewTableViewCell.swift in Sources */ = {isa = PBXBuildFile; fileRef = 0FF964711F2EC99800345550 /* CornerViewTableViewCell.swift */; };
		0FF964741F2ECAFE00345550 /* CornerLabelTableViewCell.swift in Sources */ = {isa = PBXBuildFile; fileRef = 0FF964731F2ECAFE00345550 /* CornerLabelTableViewCell.swift */; };
		0FF964781F2EE66700345550 /* UIView+Extension.swift in Sources */ = {isa = PBXBuildFile; fileRef = 0FF964771F2EE66700345550 /* UIView+Extension.swift */; };
/* End PBXBuildFile section */

/* Begin PBXFileReference section */
		0F901FFB1F31CC0200853210 /* UIImageView+Extension.swift */ = {isa = PBXFileReference; fileEncoding = 4; lastKnownFileType = sourcecode.swift; path = "UIImageView+Extension.swift"; sourceTree = "<group>"; };
		0FF964581F2EBD2300345550 /* RectCornerTest.app */ = {isa = PBXFileReference; explicitFileType = wrapper.application; includeInIndex = 0; path = RectCornerTest.app; sourceTree = BUILT_PRODUCTS_DIR; };
		0FF9645B1F2EBD2300345550 /* AppDelegate.swift */ = {isa = PBXFileReference; lastKnownFileType = sourcecode.swift; path = AppDelegate.swift; sourceTree = "<group>"; };
		0FF9645D1F2EBD2300345550 /* ViewController.swift */ = {isa = PBXFileReference; lastKnownFileType = sourcecode.swift; path = ViewController.swift; sourceTree = "<group>"; };
		0FF964601F2EBD2300345550 /* Base */ = {isa = PBXFileReference; lastKnownFileType = file.storyboard; name = Base; path = Base.lproj/Main.storyboard; sourceTree = "<group>"; };
		0FF964621F2EBD2300345550 /* Assets.xcassets */ = {isa = PBXFileReference; lastKnownFileType = folder.assetcatalog; path = Assets.xcassets; sourceTree = "<group>"; };
		0FF964651F2EBD2300345550 /* Base */ = {isa = PBXFileReference; lastKnownFileType = file.storyboard; name = Base; path = Base.lproj/LaunchScreen.storyboard; sourceTree = "<group>"; };
		0FF964671F2EBD2300345550 /* Info.plist */ = {isa = PBXFileReference; lastKnownFileType = text.plist.xml; path = Info.plist; sourceTree = "<group>"; };
		0FF9646D1F2EBDA800345550 /* CornerTableViewController.swift */ = {isa = PBXFileReference; fileEncoding = 4; lastKnownFileType = sourcecode.swift; path = CornerTableViewController.swift; sourceTree = "<group>"; };
		0FF9646F1F2EBE3700345550 /* CornerImageTableViewCell.swift */ = {isa = PBXFileReference; fileEncoding = 4; lastKnownFileType = sourcecode.swift; path = CornerImageTableViewCell.swift; sourceTree = "<group>"; };
		0FF964711F2EC99800345550 /* CornerViewTableViewCell.swift */ = {isa = PBXFileReference; fileEncoding = 4; lastKnownFileType = sourcecode.swift; path = CornerViewTableViewCell.swift; sourceTree = "<group>"; };
		0FF964731F2ECAFE00345550 /* CornerLabelTableViewCell.swift */ = {isa = PBXFileReference; fileEncoding = 4; lastKnownFileType = sourcecode.swift; path = CornerLabelTableViewCell.swift; sourceTree = "<group>"; };
		0FF964771F2EE66700345550 /* UIView+Extension.swift */ = {isa = PBXFileReference; fileEncoding = 4; lastKnownFileType = sourcecode.swift; path = "UIView+Extension.swift"; sourceTree = "<group>"; };
/* End PBXFileReference section */

/* Begin PBXFrameworksBuildPhase section */
		0FF964551F2EBD2300345550 /* Frameworks */ = {
			isa = PBXFrameworksBuildPhase;
			buildActionMask = 2147483647;
			files = (
			);
			runOnlyForDeploymentPostprocessing = 0;
		};
/* End PBXFrameworksBuildPhase section */

/* Begin PBXGroup section */
		0FF9644F1F2EBD2300345550 = {
			isa = PBXGroup;
			children = (
				0FF9645A1F2EBD2300345550 /* RectCornerTest */,
				0FF964591F2EBD2300345550 /* Products */,
			);
			sourceTree = "<group>";
		};
		0FF964591F2EBD2300345550 /* Products */ = {
			isa = PBXGroup;
			children = (
				0FF964581F2EBD2300345550 /* RectCornerTest.app */,
			);
			name = Products;
			sourceTree = "<group>";
		};
		0FF9645A1F2EBD2300345550 /* RectCornerTest */ = {
			isa = PBXGroup;
			children = (
				0FF9645B1F2EBD2300345550 /* AppDelegate.swift */,
				0FF9645D1F2EBD2300345550 /* ViewController.swift */,
				0FF9646D1F2EBDA800345550 /* CornerTableViewController.swift */,
				0FF9646F1F2EBE3700345550 /* CornerImageTableViewCell.swift */,
				0FF964711F2EC99800345550 /* CornerViewTableViewCell.swift */,
				0FF964731F2ECAFE00345550 /* CornerLabelTableViewCell.swift */,
				0F901FFB1F31CC0200853210 /* UIImageView+Extension.swift */,
				0FF964771F2EE66700345550 /* UIView+Extension.swift */,
				0FF9645F1F2EBD2300345550 /* Main.storyboard */,
				0FF964621F2EBD2300345550 /* Assets.xcassets */,
				0FF964641F2EBD2300345550 /* LaunchScreen.storyboard */,
				0FF964671F2EBD2300345550 /* Info.plist */,
			);
			path = RectCornerTest;
			sourceTree = "<group>";
		};
/* End PBXGroup section */

/* Begin PBXNativeTarget section */
		0FF964571F2EBD2300345550 /* RectCornerTest */ = {
			isa = PBXNativeTarget;
			buildConfigurationList = 0FF9646A1F2EBD2300345550 /* Build configuration list for PBXNativeTarget "RectCornerTest" */;
			buildPhases = (
				0FF964541F2EBD2300345550 /* Sources */,
				0FF964551F2EBD2300345550 /* Frameworks */,
				0FF964561F2EBD2300345550 /* Resources */,
			);
			buildRules = (
			);
			dependencies = (
			);
			name = RectCornerTest;
			productName = RectCornerTest;
			productReference = 0FF964581F2EBD2300345550 /* RectCornerTest.app */;
			productType = "com.apple.product-type.application";
		};
/* End PBXNativeTarget section */

/* Begin PBXProject section */
		0FF964501F2EBD2300345550 /* Project object */ = {
			isa = PBXProject;
			attributes = {
				LastSwiftUpdateCheck = 0830;
				LastUpgradeCheck = 0900;
				ORGANIZATIONNAME = L;
				TargetAttributes = {
					0FF964571F2EBD2300345550 = {
						CreatedOnToolsVersion = 8.3.3;
						DevelopmentTeam = 97DC4Q76F5;
						LastSwiftMigration = 0830;
						ProvisioningStyle = Automatic;
					};
				};
			};
			buildConfigurationList = 0FF964531F2EBD2300345550 /* Build configuration list for PBXProject "RectCornerTest" */;
			compatibilityVersion = "Xcode 3.2";
			developmentRegion = English;
			hasScannedForEncodings = 0;
			knownRegions = (
				en,
				Base,
			);
			mainGroup = 0FF9644F1F2EBD2300345550;
			productRefGroup = 0FF964591F2EBD2300345550 /* Products */;
			projectDirPath = "";
			projectRoot = "";
			targets = (
				0FF964571F2EBD2300345550 /* RectCornerTest */,
			);
		};
/* End PBXProject section */

/* Begin PBXResourcesBuildPhase section */
		0FF964561F2EBD2300345550 /* Resources */ = {
			isa = PBXResourcesBuildPhase;
			buildActionMask = 2147483647;
			files = (
				0FF964661F2EBD2300345550 /* LaunchScreen.storyboard in Resources */,
				0FF964631F2EBD2300345550 /* Assets.xcassets in Resources */,
				0FF964611F2EBD2300345550 /* Main.storyboard in Resources */,
			);
			runOnlyForDeploymentPostprocessing = 0;
		};
/* End PBXResourcesBuildPhase section */

/* Begin PBXSourcesBuildPhase section */
		0FF964541F2EBD2300345550 /* Sources */ = {
			isa = PBXSourcesBuildPhase;
			buildActionMask = 2147483647;
			files = (
				0FF964701F2EBE3700345550 /* CornerImageTableViewCell.swift in Sources */,
				0FF964781F2EE66700345550 /* UIView+Extension.swift in Sources */,
				0F901FFC1F31CC0200853210 /* UIImageView+Extension.swift in Sources */,
				0FF964741F2ECAFE00345550 /* CornerLabelTableViewCell.swift in Sources */,
				0FF9646E1F2EBDA800345550 /* CornerTableViewController.swift in Sources */,
				0FF9645E1F2EBD2300345550 /* ViewController.swift in Sources */,
				0FF964721F2EC99800345550 /* CornerViewTableViewCell.swift in Sources */,
				0FF9645C1F2EBD2300345550 /* AppDelegate.swift in Sources */,
			);
			runOnlyForDeploymentPostprocessing = 0;
		};
/* End PBXSourcesBuildPhase section */

/* Begin PBXVariantGroup section */
		0FF9645F1F2EBD2300345550 /* Main.storyboard */ = {
			isa = PBXVariantGroup;
			children = (
				0FF964601F2EBD2300345550 /* Base */,
			);
			name = Main.storyboard;
			sourceTree = "<group>";
		};
		0FF964641F2EBD2300345550 /* LaunchScreen.storyboard */ = {
			isa = PBXVariantGroup;
			children = (
				0FF964651F2EBD2300345550 /* Base */,
			);
			name = LaunchScreen.storyboard;
			sourceTree = "<group>";
		};
/* End PBXVariantGroup section */

/* Begin XCBuildConfiguration section */
		0FF964681F2EBD2300345550 /* Debug */ = {
			isa = XCBuildConfiguration;
			buildSettings = {
				ALWAYS_SEARCH_USER_PATHS = NO;
				CLANG_ANALYZER_NONNULL = YES;
				CLANG_ANALYZER_NUMBER_OBJECT_CONVERSION = YES_AGGRESSIVE;
				CLANG_CXX_LANGUAGE_STANDARD = "gnu++0x";
				CLANG_CXX_LIBRARY = "libc++";
				CLANG_ENABLE_MODULES = YES;
				CLANG_ENABLE_OBJC_ARC = YES;
				CLANG_WARN_BLOCK_CAPTURE_AUTORELEASING = YES;
				CLANG_WARN_BOOL_CONVERSION = YES;
				CLANG_WARN_COMMA = YES;
				CLANG_WARN_CONSTANT_CONVERSION = YES;
				CLANG_WARN_DIRECT_OBJC_ISA_USAGE = YES_ERROR;
				CLANG_WARN_DOCUMENTATION_COMMENTS = YES;
				CLANG_WARN_EMPTY_BODY = YES;
				CLANG_WARN_ENUM_CONVERSION = YES;
				CLANG_WARN_INFINITE_RECURSION = YES;
				CLANG_WARN_INT_CONVERSION = YES;
				CLANG_WARN_NON_LITERAL_NULL_CONVERSION = YES;
				CLANG_WARN_OBJC_LITERAL_CONVERSION = YES;
				CLANG_WARN_OBJC_ROOT_CLASS = YES_ERROR;
				CLANG_WARN_RANGE_LOOP_ANALYSIS = YES;
				CLANG_WARN_STRICT_PROTOTYPES = YES;
				CLANG_WARN_SUSPICIOUS_MOVE = YES;
				CLANG_WARN_UNREACHABLE_CODE = YES;
				CLANG_WARN__DUPLICATE_METHOD_MATCH = YES;
				"CODE_SIGN_IDENTITY[sdk=iphoneos*]" = "iPhone Developer";
				COPY_PHASE_STRIP = NO;
				DEBUG_INFORMATION_FORMAT = dwarf;
				ENABLE_STRICT_OBJC_MSGSEND = YES;
				ENABLE_TESTABILITY = YES;
				GCC_C_LANGUAGE_STANDARD = gnu99;
				GCC_DYNAMIC_NO_PIC = NO;
				GCC_NO_COMMON_BLOCKS = YES;
				GCC_OPTIMIZATION_LEVEL = 0;
				GCC_PREPROCESSOR_DEFINITIONS = (
					"DEBUG=1",
					"$(inherited)",
				);
				GCC_WARN_64_TO_32_BIT_CONVERSION = YES;
				GCC_WARN_ABOUT_RETURN_TYPE = YES_ERROR;
				GCC_WARN_UNDECLARED_SELECTOR = YES;
				GCC_WARN_UNINITIALIZED_AUTOS = YES_AGGRESSIVE;
				GCC_WARN_UNUSED_FUNCTION = YES;
				GCC_WARN_UNUSED_VARIABLE = YES;
				IPHONEOS_DEPLOYMENT_TARGET = 10.3;
				MTL_ENABLE_DEBUG_INFO = YES;
				ONLY_ACTIVE_ARCH = YES;
				SDKROOT = iphoneos;
				SWIFT_ACTIVE_COMPILATION_CONDITIONS = DEBUG;
				SWIFT_OPTIMIZATION_LEVEL = "-Onone";
				TARGETED_DEVICE_FAMILY = "1,2";
			};
			name = Debug;
		};
		0FF964691F2EBD2300345550 /* Release */ = {
			isa = XCBuildConfiguration;
			buildSettings = {
				ALWAYS_SEARCH_USER_PATHS = NO;
				CLANG_ANALYZER_NONNULL = YES;
				CLANG_ANALYZER_NUMBER_OBJECT_CONVERSION = YES_AGGRESSIVE;
				CLANG_CXX_LANGUAGE_STANDARD = "gnu++0x";
				CLANG_CXX_LIBRARY = "libc++";
				CLANG_ENABLE_MODULES = YES;
				CLANG_ENABLE_OBJC_ARC = YES;
				CLANG_WARN_BLOCK_CAPTURE_AUTORELEASING = YES;
				CLANG_WARN_BOOL_CONVERSION = YES;
				CLANG_WARN_COMMA = YES;
				CLANG_WARN_CONSTANT_CONVERSION = YES;
				CLANG_WARN_DIRECT_OBJC_ISA_USAGE = YES_ERROR;
				CLANG_WARN_DOCUMENTATION_COMMENTS = YES;
				CLANG_WARN_EMPTY_BODY = YES;
				CLANG_WARN_ENUM_CONVERSION = YES;
				CLANG_WARN_INFINITE_RECURSION = YES;
				CLANG_WARN_INT_CONVERSION = YES;
				CLANG_WARN_NON_LITERAL_NULL_CONVERSION = YES;
				CLANG_WARN_OBJC_LITERAL_CONVERSION = YES;
				CLANG_WARN_OBJC_ROOT_CLASS = YES_ERROR;
				CLANG_WARN_RANGE_LOOP_ANALYSIS = YES;
				CLANG_WARN_STRICT_PROTOTYPES = YES;
				CLANG_WARN_SUSPICIOUS_MOVE = YES;
				CLANG_WARN_UNREACHABLE_CODE = YES;
				CLANG_WARN__DUPLICATE_METHOD_MATCH = YES;
				"CODE_SIGN_IDENTITY[sdk=iphoneos*]" = "iPhone Developer";
				COPY_PHASE_STRIP = NO;
				DEBUG_INFORMATION_FORMAT = "dwarf-with-dsym";
				ENABLE_NS_ASSERTIONS = NO;
				ENABLE_STRICT_OBJC_MSGSEND = YES;
				GCC_C_LANGUAGE_STANDARD = gnu99;
				GCC_NO_COMMON_BLOCKS = YES;
				GCC_WARN_64_TO_32_BIT_CONVERSION = YES;
				GCC_WARN_ABOUT_RETURN_TYPE = YES_ERROR;
				GCC_WARN_UNDECLARED_SELECTOR = YES;
				GCC_WARN_UNINITIALIZED_AUTOS = YES_AGGRESSIVE;
				GCC_WARN_UNUSED_FUNCTION = YES;
				GCC_WARN_UNUSED_VARIABLE = YES;
				IPHONEOS_DEPLOYMENT_TARGET = 10.3;
				MTL_ENABLE_DEBUG_INFO = NO;
				SDKROOT = iphoneos;
				SWIFT_OPTIMIZATION_LEVEL = "-Owholemodule";
				TARGETED_DEVICE_FAMILY = "1,2";
				VALIDATE_PRODUCT = YES;
			};
			name = Release;
		};
		0FF9646B1F2EBD2300345550 /* Debug */ = {
			isa = XCBuildConfiguration;
			buildSettings = {
				ASSETCATALOG_COMPILER_APPICON_NAME = AppIcon;
				CLANG_ENABLE_MODULES = YES;
				DEVELOPMENT_TEAM = 97DC4Q76F5;
				INFOPLIST_FILE = RectCornerTest/Info.plist;
				LD_RUNPATH_SEARCH_PATHS = "$(inherited) @executable_path/Frameworks";
				PRODUCT_BUNDLE_IDENTIFIER = com.yekertech.www.RectCornerTest;
				PRODUCT_NAME = "$(TARGET_NAME)";
				SWIFT_OBJC_BRIDGING_HEADER = "";
				SWIFT_OPTIMIZATION_LEVEL = "-Onone";
				SWIFT_VERSION = 4.0;
			};
			name = Debug;
		};
		0FF9646C1F2EBD2300345550 /* Release */ = {
			isa = XCBuildConfiguration;
			buildSettings = {
				ASSETCATALOG_COMPILER_APPICON_NAME = AppIcon;
				CLANG_ENABLE_MODULES = YES;
				DEVELOPMENT_TEAM = 97DC4Q76F5;
				INFOPLIST_FILE = RectCornerTest/Info.plist;
				LD_RUNPATH_SEARCH_PATHS = "$(inherited) @executable_path/Frameworks";
				PRODUCT_BUNDLE_IDENTIFIER = com.yekertech.www.RectCornerTest;
				PRODUCT_NAME = "$(TARGET_NAME)";
				SWIFT_OBJC_BRIDGING_HEADER = "";
				SWIFT_VERSION = 4.0;
			};
			name = Release;
		};
/* End XCBuildConfiguration section */

/* Begin XCConfigurationList section */
		0FF964531F2EBD2300345550 /* Build configuration list for PBXProject "RectCornerTest" */ = {
			isa = XCConfigurationList;
			buildConfigurations = (
				0FF964681F2EBD2300345550 /* Debug */,
				0FF964691F2EBD2300345550 /* Release */,
			);
			defaultConfigurationIsVisible = 0;
			defaultConfigurationName = Release;
		};
		0FF9646A1F2EBD2300345550 /* Build configuration list for PBXNativeTarget "RectCornerTest" */ = {
			isa = XCConfigurationList;
			buildConfigurations = (
				0FF9646B1F2EBD2300345550 /* Debug */,
				0FF9646C1F2EBD2300345550 /* Release */,
			);
			defaultConfigurationIsVisible = 0;
			defaultConfigurationName = Release;
		};
/* End XCConfigurationList section */
	};
	rootObject = 0FF964501F2EBD2300345550 /* Project object */;
}
